
Microsoft Visual Studio Solution File, Format Version 12.00
# Visual Studio Version 16
VisualStudioVersion = 16.0.30804.86
MinimumVisualStudioVersion = 10.0.40219.1
Project("{FAE04EC0-301F-11D3-BF4B-00C04F79EFBC}") = "MyDictionary", "MyDictionary\MyDictionary.csproj", "{B67F3F93-AB3C-420B-B344-26907452CFFE}"
EndProject
Global
	GlobalSection(SolutionConfigurationPlatforms) = preSolution
		Debug|Any CPU = Debug|Any CPU
		Release|Any CPU = Release|Any CPU
	EndGlobalSection
	GlobalSection(ProjectConfigurationPlatforms) = postSolution
		{B67F3F93-AB3C-420B-B344-26907452CFFE}.Debug|Any CPU.ActiveCfg = Debug|Any CPU
		{B67F3F93-AB3C-420B-B344-26907452CFFE}.Debug|Any CPU.Build.0 = Debug|Any CPU
		{B67F3F93-AB3C-420B-B344-26907452CFFE}.Release|Any CPU.ActiveCfg = Release|Any CPU
		{B67F3F93-AB3C-420B-B344-26907452CFFE}.Release|Any CPU.Build.0 = Release|Any CPU
	EndGlobalSection
	GlobalSection(SolutionProperties) = preSolution
		HideSolutionNode = FALSE
	EndGlobalSection
	GlobalSection(ExtensibilityGlobals) = postSolution
		SolutionGuid = {4DC1E7DE-5505-429A-A983-C16C2AF0CDFF}
	EndGlobalSection
EndGlobal
